// !$*UTF8*$!
{
	archiveVersion = 1;
	classes = {
	};
	objectVersion = 55;
	objects = {

/* Begin PBXBuildFile section */
		6D36A7EA392F4AF55427C5F5 /* Pods_Hermeias.framework in Frameworks */ = {isa = PBXBuildFile; fileRef = 5C8D936AEE205AE8E14B99D4 /* Pods_Hermeias.framework */; };
		F899CEA228FDEF170058EEB2 /* DestinationMenuPage.swift in Sources */ = {isa = PBXBuildFile; fileRef = F899CEA128FDEF170058EEB2 /* DestinationMenuPage.swift */; };
		F899CEA428FDEF300058EEB2 /* MapPage.swift in Sources */ = {isa = PBXBuildFile; fileRef = F899CEA328FDEF300058EEB2 /* MapPage.swift */; };
		F899CEA828FDF15A0058EEB2 /* Podfile in Resources */ = {isa = PBXBuildFile; fileRef = F899CEA728FDF15A0058EEB2 /* Podfile */; };
		F8E3338C28FDEBC00054A960 /* HermeiasApp.swift in Sources */ = {isa = PBXBuildFile; fileRef = F8E3338B28FDEBC00054A960 /* HermeiasApp.swift */; };
		F8E3338E28FDEBC00054A960 /* ContentView.swift in Sources */ = {isa = PBXBuildFile; fileRef = F8E3338D28FDEBC00054A960 /* ContentView.swift */; };
		F8E3339028FDEBC10054A960 /* Assets.xcassets in Resources */ = {isa = PBXBuildFile; fileRef = F8E3338F28FDEBC10054A960 /* Assets.xcassets */; };
		F8E3339328FDEBC10054A960 /* Preview Assets.xcassets in Resources */ = {isa = PBXBuildFile; fileRef = F8E3339228FDEBC10054A960 /* Preview Assets.xcassets */; };
/* End PBXBuildFile section */

/* Begin PBXFileReference section */
		498144B6AF378BCC90E3FDBF /* Pods-Hermeias.release.xcconfig */ = {isa = PBXFileReference; includeInIndex = 1; lastKnownFileType = text.xcconfig; name = "Pods-Hermeias.release.xcconfig"; path = "Target Support Files/Pods-Hermeias/Pods-Hermeias.release.xcconfig"; sourceTree = "<group>"; };
		5721850D219F978C6C9743CB /* Pods-Hermeias.debug.xcconfig */ = {isa = PBXFileReference; includeInIndex = 1; lastKnownFileType = text.xcconfig; name = "Pods-Hermeias.debug.xcconfig"; path = "Target Support Files/Pods-Hermeias/Pods-Hermeias.debug.xcconfig"; sourceTree = "<group>"; };
		5C8D936AEE205AE8E14B99D4 /* Pods_Hermeias.framework */ = {isa = PBXFileReference; explicitFileType = wrapper.framework; includeInIndex = 0; path = Pods_Hermeias.framework; sourceTree = BUILT_PRODUCTS_DIR; };
		F899CEA128FDEF170058EEB2 /* DestinationMenuPage.swift */ = {isa = PBXFileReference; fileEncoding = 4; lastKnownFileType = sourcecode.swift; path = DestinationMenuPage.swift; sourceTree = "<group>"; };
		F899CEA328FDEF300058EEB2 /* MapPage.swift */ = {isa = PBXFileReference; fileEncoding = 4; lastKnownFileType = sourcecode.swift; name = MapPage.swift; path = Hermeias/MapPage/MapPage.swift; sourceTree = SOURCE_ROOT; };
		F899CEA728FDF15A0058EEB2 /* Podfile */ = {isa = PBXFileReference; fileEncoding = 4; lastKnownFileType = text; path = Podfile; sourceTree = "<group>"; };
		F8E3338828FDEBC00054A960 /* Hermeias.app */ = {isa = PBXFileReference; explicitFileType = wrapper.application; includeInIndex = 0; path = Hermeias.app; sourceTree = BUILT_PRODUCTS_DIR; };
		F8E3338B28FDEBC00054A960 /* HermeiasApp.swift */ = {isa = PBXFileReference; lastKnownFileType = sourcecode.swift; path = HermeiasApp.swift; sourceTree = "<group>"; };
		F8E3338D28FDEBC00054A960 /* ContentView.swift */ = {isa = PBXFileReference; lastKnownFileType = sourcecode.swift; path = ContentView.swift; sourceTree = "<group>"; };
		F8E3338F28FDEBC10054A960 /* Assets.xcassets */ = {isa = PBXFileReference; lastKnownFileType = folder.assetcatalog; path = Assets.xcassets; sourceTree = "<group>"; };
		F8E3339228FDEBC10054A960 /* Preview Assets.xcassets */ = {isa = PBXFileReference; lastKnownFileType = folder.assetcatalog; path = "Preview Assets.xcassets"; sourceTree = "<group>"; };
/* End PBXFileReference section */

/* Begin PBXFrameworksBuildPhase section */
		F8E3338528FDEBC00054A960 /* Frameworks */ = {
			isa = PBXFrameworksBuildPhase;
			buildActionMask = 2147483647;
			files = (
				6D36A7EA392F4AF55427C5F5 /* Pods_Hermeias.framework in Frameworks */,
			);
			runOnlyForDeploymentPostprocessing = 0;
		};
/* End PBXFrameworksBuildPhase section */

/* Begin PBXGroup section */
		3ED8B983B061F9E03E19A3DD /* Pods */ = {
			isa = PBXGroup;
			children = (
				5721850D219F978C6C9743CB /* Pods-Hermeias.debug.xcconfig */,
				498144B6AF378BCC90E3FDBF /* Pods-Hermeias.release.xcconfig */,
			);
			name = Pods;
			path = Pods;
			sourceTree = "<group>";
		};
		F899CE9F28FDEE8A0058EEB2 /* MapPage */ = {
			isa = PBXGroup;
			children = (
				F899CEA328FDEF300058EEB2 /* MapPage.swift */,
			);
			path = MapPage;
			sourceTree = "<group>";
		};
		F899CEA028FDEE960058EEB2 /* DestinationMenuPage */ = {
			isa = PBXGroup;
			children = (
				F899CEA128FDEF170058EEB2 /* DestinationMenuPage.swift */,
			);
			path = DestinationMenuPage;
			sourceTree = "<group>";
		};
		F8E3337F28FDEBC00054A960 = {
			isa = PBXGroup;
			children = (
				F899CEA728FDF15A0058EEB2 /* Podfile */,
				F8E3338A28FDEBC00054A960 /* Hermeias */,
				F8E3338928FDEBC00054A960 /* Products */,
				3ED8B983B061F9E03E19A3DD /* Pods */,
				FB5B7933C84ECD7C4AC4EA3E /* Frameworks */,
			);
			sourceTree = "<group>";
		};
		F8E3338928FDEBC00054A960 /* Products */ = {
			isa = PBXGroup;
			children = (
				F8E3338828FDEBC00054A960 /* Hermeias.app */,
			);
			name = Products;
			sourceTree = "<group>";
		};
		F8E3338A28FDEBC00054A960 /* Hermeias */ = {
			isa = PBXGroup;
			children = (
				F899CEA028FDEE960058EEB2 /* DestinationMenuPage */,
				F899CE9F28FDEE8A0058EEB2 /* MapPage */,
				F8E3338B28FDEBC00054A960 /* HermeiasApp.swift */,
				F8E3338D28FDEBC00054A960 /* ContentView.swift */,
				F8E3338F28FDEBC10054A960 /* Assets.xcassets */,
				F8E3339128FDEBC10054A960 /* Preview Content */,
			);
			path = Hermeias;
			sourceTree = "<group>";
		};
		F8E3339128FDEBC10054A960 /* Preview Content */ = {
			isa = PBXGroup;
			children = (
				F8E3339228FDEBC10054A960 /* Preview Assets.xcassets */,
			);
			path = "Preview Content";
			sourceTree = "<group>";
		};
		FB5B7933C84ECD7C4AC4EA3E /* Frameworks */ = {
			isa = PBXGroup;
			children = (
				5C8D936AEE205AE8E14B99D4 /* Pods_Hermeias.framework */,
			);
			name = Frameworks;
			sourceTree = "<group>";
		};
/* End PBXGroup section */

/* Begin PBXNativeTarget section */
		F8E3338728FDEBC00054A960 /* Hermeias */ = {
			isa = PBXNativeTarget;
			buildConfigurationList = F8E3339628FDEBC10054A960 /* Build configuration list for PBXNativeTarget "Hermeias" */;
			buildPhases = (
				D8A5EEA1323A434F22E656DB /* [CP] Check Pods Manifest.lock */,
				F8E3338428FDEBC00054A960 /* Sources */,
				F8E3338528FDEBC00054A960 /* Frameworks */,
				F8E3338628FDEBC00054A960 /* Resources */,
				68B3924554C0EDFD35A82F8A /* [CP] Copy Pods Resources */,
			);
			buildRules = (
			);
			dependencies = (
			);
			name = Hermeias;
			productName = Hermeias;
			productReference = F8E3338828FDEBC00054A960 /* Hermeias.app */;
			productType = "com.apple.product-type.application";
		};
/* End PBXNativeTarget section */

/* Begin PBXProject section */
		F8E3338028FDEBC00054A960 /* Project object */ = {
			isa = PBXProject;
			attributes = {
				BuildIndependentTargetsInParallel = 1;
				LastSwiftUpdateCheck = 1330;
				LastUpgradeCheck = 1330;
				TargetAttributes = {
					F8E3338728FDEBC00054A960 = {
						CreatedOnToolsVersion = 13.3.1;
					};
				};
			};
			buildConfigurationList = F8E3338328FDEBC00054A960 /* Build configuration list for PBXProject "Hermeias" */;
			compatibilityVersion = "Xcode 13.0";
			developmentRegion = en;
			hasScannedForEncodings = 0;
			knownRegions = (
				en,
				Base,
			);
			mainGroup = F8E3337F28FDEBC00054A960;
			productRefGroup = F8E3338928FDEBC00054A960 /* Products */;
			projectDirPath = "";
			projectRoot = "";
			targets = (
				F8E3338728FDEBC00054A960 /* Hermeias */,
			);
		};
/* End PBXProject section */

/* Begin PBXResourcesBuildPhase section */
		F8E3338628FDEBC00054A960 /* Resources */ = {
			isa = PBXResourcesBuildPhase;
			buildActionMask = 2147483647;
			files = (
				F8E3339328FDEBC10054A960 /* Preview Assets.xcassets in Resources */,
				F899CEA828FDF15A0058EEB2 /* Podfile in Resources */,
				F8E3339028FDEBC10054A960 /* Assets.xcassets in Resources */,
			);
			runOnlyForDeploymentPostprocessing = 0;
		};
/* End PBXResourcesBuildPhase section */

/* Begin PBXShellScriptBuildPhase section */
		68B3924554C0EDFD35A82F8A /* [CP] Copy Pods Resources */ = {
			isa = PBXShellScriptBuildPhase;
			buildActionMask = 2147483647;
			files = (
			);
			inputFileListPaths = (
				"${PODS_ROOT}/Target Support Files/Pods-Hermeias/Pods-Hermeias-resources-${CONFIGURATION}-input-files.xcfilelist",
			);
			name = "[CP] Copy Pods Resources";
			outputFileListPaths = (
				"${PODS_ROOT}/Target Support Files/Pods-Hermeias/Pods-Hermeias-resources-${CONFIGURATION}-output-files.xcfilelist",
			);
			runOnlyForDeploymentPostprocessing = 0;
			shellPath = /bin/sh;
			shellScript = "\"${PODS_ROOT}/Target Support Files/Pods-Hermeias/Pods-Hermeias-resources.sh\"\n";
			showEnvVarsInLog = 0;
		};
		D8A5EEA1323A434F22E656DB /* [CP] Check Pods Manifest.lock */ = {
			isa = PBXShellScriptBuildPhase;
			buildActionMask = 2147483647;
			files = (
			);
			inputFileListPaths = (
			);
			inputPaths = (
				"${PODS_PODFILE_DIR_PATH}/Podfile.lock",
				"${PODS_ROOT}/Manifest.lock",
			);
			name = "[CP] Check Pods Manifest.lock";
			outputFileListPaths = (
			);
			outputPaths = (
				"$(DERIVED_FILE_DIR)/Pods-Hermeias-checkManifestLockResult.txt",
			);
			runOnlyForDeploymentPostprocessing = 0;
			shellPath = /bin/sh;
			shellScript = "diff \"${PODS_PODFILE_DIR_PATH}/Podfile.lock\" \"${PODS_ROOT}/Manifest.lock\" > /dev/null\nif [ $? != 0 ] ; then\n    # print error to STDERR\n    echo \"error: The sandbox is not in sync with the Podfile.lock. Run 'pod install' or update your CocoaPods installation.\" >&2\n    exit 1\nfi\n# This output is used by Xcode 'outputs' to avoid re-running this script phase.\necho \"SUCCESS\" > \"${SCRIPT_OUTPUT_FILE_0}\"\n";
			showEnvVarsInLog = 0;
		};
/* End PBXShellScriptBuildPhase section */

/* Begin PBXSourcesBuildPhase section */
		F8E3338428FDEBC00054A960 /* Sources */ = {
			isa = PBXSourcesBuildPhase;
			buildActionMask = 2147483647;
			files = (
				F8E3338E28FDEBC00054A960 /* ContentView.swift in Sources */,
				F8E3338C28FDEBC00054A960 /* HermeiasApp.swift in Sources */,
				F899CEA228FDEF170058EEB2 /* DestinationMenuPage.swift in Sources */,
				F899CEA428FDEF300058EEB2 /* MapPage.swift in Sources */,
			);
			runOnlyForDeploymentPostprocessing = 0;
		};
/* End PBXSourcesBuildPhase section */

/* Begin XCBuildConfiguration section */
		F8E3339428FDEBC10054A960 /* Debug */ = {
			isa = XCBuildConfiguration;
			buildSettings = {
				ALWAYS_SEARCH_USER_PATHS = NO;
				CLANG_ANALYZER_NONNULL = YES;
				CLANG_ANALYZER_NUMBER_OBJECT_CONVERSION = YES_AGGRESSIVE;
				CLANG_CXX_LANGUAGE_STANDARD = "gnu++17";
				CLANG_ENABLE_MODULES = YES;
				CLANG_ENABLE_OBJC_ARC = YES;
				CLANG_ENABLE_OBJC_WEAK = YES;
				CLANG_WARN_BLOCK_CAPTURE_AUTORELEASING = YES;
				CLANG_WARN_BOOL_CONVERSION = YES;
				CLANG_WARN_COMMA = YES;
				CLANG_WARN_CONSTANT_CONVERSION = YES;
				CLANG_WARN_DEPRECATED_OBJC_IMPLEMENTATIONS = YES;
				CLANG_WARN_DIRECT_OBJC_ISA_USAGE = YES_ERROR;
				CLANG_WARN_DOCUMENTATION_COMMENTS = YES;
				CLANG_WARN_EMPTY_BODY = YES;
				CLANG_WARN_ENUM_CONVERSION = YES;
				CLANG_WARN_INFINITE_RECURSION = YES;
				CLANG_WARN_INT_CONVERSION = YES;
				CLANG_WARN_NON_LITERAL_NULL_CONVERSION = YES;
				CLANG_WARN_OBJC_IMPLICIT_RETAIN_SELF = YES;
				CLANG_WARN_OBJC_LITERAL_CONVERSION = YES;
				CLANG_WARN_OBJC_ROOT_CLASS = YES_ERROR;
				CLANG_WARN_QUOTED_INCLUDE_IN_FRAMEWORK_HEADER = YES;
				CLANG_WARN_RANGE_LOOP_ANALYSIS = YES;
				CLANG_WARN_STRICT_PROTOTYPES = YES;
				CLANG_WARN_SUSPICIOUS_MOVE = YES;
				CLANG_WARN_UNGUARDED_AVAILABILITY = YES_AGGRESSIVE;
				CLANG_WARN_UNREACHABLE_CODE = YES;
				CLANG_WARN__DUPLICATE_METHOD_MATCH = YES;
				COPY_PHASE_STRIP = NO;
				DEBUG_INFORMATION_FORMAT = dwarf;
				ENABLE_STRICT_OBJC_MSGSEND = YES;
				ENABLE_TESTABILITY = YES;
				GCC_C_LANGUAGE_STANDARD = gnu11;
				GCC_DYNAMIC_NO_PIC = NO;
				GCC_NO_COMMON_BLOCKS = YES;
				GCC_OPTIMIZATION_LEVEL = 0;
				GCC_PREPROCESSOR_DEFINITIONS = (
					"DEBUG=1",
					"$(inherited)",
				);
				GCC_WARN_64_TO_32_BIT_CONVERSION = YES;
				GCC_WARN_ABOUT_RETURN_TYPE = YES_ERROR;
				GCC_WARN_UNDECLARED_SELECTOR = YES;
				GCC_WARN_UNINITIALIZED_AUTOS = YES_AGGRESSIVE;
				GCC_WARN_UNUSED_FUNCTION = YES;
				GCC_WARN_UNUSED_VARIABLE = YES;
				IPHONEOS_DEPLOYMENT_TARGET = 15.4;
				MTL_ENABLE_DEBUG_INFO = INCLUDE_SOURCE;
				MTL_FAST_MATH = YES;
				ONLY_ACTIVE_ARCH = YES;
				SDKROOT = iphoneos;
				SWIFT_ACTIVE_COMPILATION_CONDITIONS = DEBUG;
				SWIFT_OPTIMIZATION_LEVEL = "-Onone";
			};
			name = Debug;
		};
		F8E3339528FDEBC10054A960 /* Release */ = {
			isa = XCBuildConfiguration;
			buildSettings = {
				ALWAYS_SEARCH_USER_PATHS = NO;
				CLANG_ANALYZER_NONNULL = YES;
				CLANG_ANALYZER_NUMBER_OBJECT_CONVERSION = YES_AGGRESSIVE;
				CLANG_CXX_LANGUAGE_STANDARD = "gnu++17";
				CLANG_ENABLE_MODULES = YES;
				CLANG_ENABLE_OBJC_ARC = YES;
				CLANG_ENABLE_OBJC_WEAK = YES;
				CLANG_WARN_BLOCK_CAPTURE_AUTORELEASING = YES;
				CLANG_WARN_BOOL_CONVERSION = YES;
				CLANG_WARN_COMMA = YES;
				CLANG_WARN_CONSTANT_CONVERSION = YES;
				CLANG_WARN_DEPRECATED_OBJC_IMPLEMENTATIONS = YES;
				CLANG_WARN_DIRECT_OBJC_ISA_USAGE = YES_ERROR;
				CLANG_WARN_DOCUMENTATION_COMMENTS = YES;
				CLANG_WARN_EMPTY_BODY = YES;
				CLANG_WARN_ENUM_CONVERSION = YES;
				CLANG_WARN_INFINITE_RECURSION = YES;
				CLANG_WARN_INT_CONVERSION = YES;
				CLANG_WARN_NON_LITERAL_NULL_CONVERSION = YES;
				CLANG_WARN_OBJC_IMPLICIT_RETAIN_SELF = YES;
				CLANG_WARN_OBJC_LITERAL_CONVERSION = YES;
				CLANG_WARN_OBJC_ROOT_CLASS = YES_ERROR;
				CLANG_WARN_QUOTED_INCLUDE_IN_FRAMEWORK_HEADER = YES;
				CLANG_WARN_RANGE_LOOP_ANALYSIS = YES;
				CLANG_WARN_STRICT_PROTOTYPES = YES;
				CLANG_WARN_SUSPICIOUS_MOVE = YES;
				CLANG_WARN_UNGUARDED_AVAILABILITY = YES_AGGRESSIVE;
				CLANG_WARN_UNREACHABLE_CODE = YES;
				CLANG_WARN__DUPLICATE_METHOD_MATCH = YES;
				COPY_PHASE_STRIP = NO;
				DEBUG_INFORMATION_FORMAT = "dwarf-with-dsym";
				ENABLE_NS_ASSERTIONS = NO;
				ENABLE_STRICT_OBJC_MSGSEND = YES;
				GCC_C_LANGUAGE_STANDARD = gnu11;
				GCC_NO_COMMON_BLOCKS = YES;
				GCC_WARN_64_TO_32_BIT_CONVERSION = YES;
				GCC_WARN_ABOUT_RETURN_TYPE = YES_ERROR;
				GCC_WARN_UNDECLARED_SELECTOR = YES;
				GCC_WARN_UNINITIALIZED_AUTOS = YES_AGGRESSIVE;
				GCC_WARN_UNUSED_FUNCTION = YES;
				GCC_WARN_UNUSED_VARIABLE = YES;
				IPHONEOS_DEPLOYMENT_TARGET = 15.4;
				MTL_ENABLE_DEBUG_INFO = NO;
				MTL_FAST_MATH = YES;
				SDKROOT = iphoneos;
				SWIFT_COMPILATION_MODE = wholemodule;
				SWIFT_OPTIMIZATION_LEVEL = "-O";
				VALIDATE_PRODUCT = YES;
			};
			name = Release;
		};
		F8E3339728FDEBC10054A960 /* Debug */ = {
			isa = XCBuildConfiguration;
			baseConfigurationReference = 5721850D219F978C6C9743CB /* Pods-Hermeias.debug.xcconfig */;
			buildSettings = {
				ASSETCATALOG_COMPILER_APPICON_NAME = AppIcon;
				ASSETCATALOG_COMPILER_GLOBAL_ACCENT_COLOR_NAME = AccentColor;
				CODE_SIGN_STYLE = Automatic;
				CURRENT_PROJECT_VERSION = 1;
				DEVELOPMENT_ASSET_PATHS = "\"Hermeias/Preview Content\"";
				DEVELOPMENT_TEAM = F56N382DAB;
				ENABLE_PREVIEWS = YES;
				GENERATE_INFOPLIST_FILE = YES;
				INFOPLIST_KEY_UIApplicationSceneManifest_Generation = YES;
				INFOPLIST_KEY_UIApplicationSupportsIndirectInputEvents = YES;
				INFOPLIST_KEY_UILaunchScreen_Generation = YES;
				INFOPLIST_KEY_UISupportedInterfaceOrientations_iPad = "UIInterfaceOrientationPortrait UIInterfaceOrientationPortraitUpsideDown UIInterfaceOrientationLandscapeLeft UIInterfaceOrientationLandscapeRight";
				INFOPLIST_KEY_UISupportedInterfaceOrientations_iPhone = "UIInterfaceOrientationPortrait UIInterfaceOrientationLandscapeLeft UIInterfaceOrientationLandscapeRight";
				LD_RUNPATH_SEARCH_PATHS = (
					"$(inherited)",
					"@executable_path/Frameworks",
				);
				MARKETING_VERSION = 1.0;
				PRODUCT_BUNDLE_IDENTIFIER = Parham.Hermeias;
				PRODUCT_NAME = "$(TARGET_NAME)";
				SWIFT_EMIT_LOC_STRINGS = YES;
				SWIFT_VERSION = 5.0;
				TARGETED_DEVICE_FAMILY = "1,2";
			};
			name = Debug;
		};
		F8E3339828FDEBC10054A960 /* Release */ = {
			isa = XCBuildConfiguration;
			baseConfigurationReference = 498144B6AF378BCC90E3FDBF /* Pods-Hermeias.release.xcconfig */;
			buildSettings = {
				ASSETCATALOG_COMPILER_APPICON_NAME = AppIcon;
				ASSETCATALOG_COMPILER_GLOBAL_ACCENT_COLOR_NAME = AccentColor;
				CODE_SIGN_STYLE = Automatic;
				CURRENT_PROJECT_VERSION = 1;
				DEVELOPMENT_ASSET_PATHS = "\"Hermeias/Preview Content\"";
				DEVELOPMENT_TEAM = F56N382DAB;
				ENABLE_PREVIEWS = YES;
				GENERATE_INFOPLIST_FILE = YES;
				INFOPLIST_KEY_UIApplicationSceneManifest_Generation = YES;
				INFOPLIST_KEY_UIApplicationSupportsIndirectInputEvents = YES;
				INFOPLIST_KEY_UILaunchScreen_Generation = YES;
				INFOPLIST_KEY_UISupportedInterfaceOrientations_iPad = "UIInterfaceOrientationPortrait UIInterfaceOrientationPortraitUpsideDown UIInterfaceOrientationLandscapeLeft UIInterfaceOrientationLandscapeRight";
				INFOPLIST_KEY_UISupportedInterfaceOrientations_iPhone = "UIInterfaceOrientationPortrait UIInterfaceOrientationLandscapeLeft UIInterfaceOrientationLandscapeRight";
				LD_RUNPATH_SEARCH_PATHS = (
					"$(inherited)",
					"@executable_path/Frameworks",
				);
				MARKETING_VERSION = 1.0;
				PRODUCT_BUNDLE_IDENTIFIER = Parham.Hermeias;
				PRODUCT_NAME = "$(TARGET_NAME)";
				SWIFT_EMIT_LOC_STRINGS = YES;
				SWIFT_VERSION = 5.0;
				TARGETED_DEVICE_FAMILY = "1,2";
			};
			name = Release;
		};
/* End XCBuildConfiguration section */

/* Begin XCConfigurationList section */
		F8E3338328FDEBC00054A960 /* Build configuration list for PBXProject "Hermeias" */ = {
			isa = XCConfigurationList;
			buildConfigurations = (
				F8E3339428FDEBC10054A960 /* Debug */,
				F8E3339528FDEBC10054A960 /* Release */,
			);
			defaultConfigurationIsVisible = 0;
			defaultConfigurationName = Release;
		};
		F8E3339628FDEBC10054A960 /* Build configuration list for PBXNativeTarget "Hermeias" */ = {
			isa = XCConfigurationList;
			buildConfigurations = (
				F8E3339728FDEBC10054A960 /* Debug */,
				F8E3339828FDEBC10054A960 /* Release */,
			);
			defaultConfigurationIsVisible = 0;
			defaultConfigurationName = Release;
		};
/* End XCConfigurationList section */
	};
	rootObject = F8E3338028FDEBC00054A960 /* Project object */;
}
